{
  "version": 2,
  "dependencies": {
    "net10.0-windows10.0.19041": {
      "LibVLCSharp.WPF": {
        "type": "Direct",
        "requested": "[3.9.4, )",
        "resolved": "3.9.4",
        "contentHash": "mU575rJM02MtTXqZG1sYiJF5DpPO6HRFKIYGFK0R9m0BRQKNvbYgIk6FkJPt6OC1Y04WAz+JykYz/MBBJfdpSw==",
        "dependencies": {
          "LibVLCSharp": "3.9.4"
        }
      },
      "Microsoft.Web.WebView2": {
        "type": "Direct",
        "requested": "[1.0.3537.50, )",
        "resolved": "1.0.3537.50",
        "contentHash": "6RQRMIcc/xnhDCdBmyc+YoPxPlYHjmg/mfVpQb4iYWr+K/cs28dTxCyOYFZjUFtiwupXN9nCqxOSMumn2ZKAIg=="
      },
      "VideoLAN.LibVLC.Windows": {
        "type": "Direct",
        "requested": "[3.0.23, )",
        "resolved": "3.0.23",
        "contentHash": "O/Elo/AxXutSJ/3Z0lIuXEm9tr1iVmUYcws4WB1X9zHgGcAHBBFk29u9B7GX8mxLLMx9e1A6n3h6C0WyTk3KeQ=="
      },
      "Microsoft.NETCore.Platforms": {
        "type": "Transitive",
        "resolved": "1.1.0",
        "contentHash": "kz0PEW2lhqygehI/d6XsPCQzD7ff7gUJaVGPVETX611eadGsA3A877GdSlU0LRVMCTH/+P3o2iDTak+S08V2+A=="
      },
      "Microsoft.Windows.SDK.BuildTools": {
        "type": "Transitive",
        "resolved": "10.0.22621.756",
        "contentHash": "7ZL2sFSioYm1Ry067Kw1hg0SCcW5kuVezC2SwjGbcPE61Nn+gTbH86T73G3LcEOVj0S3IZzNuE/29gZvOLS7VA=="
      },
      "Microsoft.WindowsAppSDK": {
        "type": "Transitive",
        "resolved": "1.5.240627000",
        "contentHash": "qzzWG8rxZyzKzBuUdwr4ApezMINf+NT2b8EiEE5fchczNJJmDwlHImMWxX1pHK1W8Yby99alqLyC8DB0fIrhuA==",
        "dependencies": {
          "Microsoft.Windows.SDK.BuildTools": "10.0.22621.756"
        }
      },
      "NETStandard.Library": {
        "type": "Transitive",
        "resolved": "1.6.1",
        "contentHash": "WcSp3+vP+yHNgS8EV5J7pZ9IRpeDuARBPN28by8zqff1wJQXm26PVU8L3/fYLBJVU7BtDyqNVWq2KlCVvSSR4A==",
        "dependencies": {
          "Microsoft.NETCore.Platforms": "1.1.0"
        }
      },
      "SharpDX": {
        "type": "Transitive",
        "resolved": "4.2.0",
        "contentHash": "3pv0LFMvfK/dv1qISJnn8xBeeT6R/FRvr0EV4KI2DGsL84Qlv6P7isWqxGyU0LCwlSVCJN3jgHJ4Bl0KI2PJww==",
        "dependencies": {
          "NETStandard.Library": "1.6.1"
        }
      },
      "SharpDX.Direct3D11": {
        "type": "Transitive",
        "resolved": "4.2.0",
        "contentHash": "oTm/iT5X/IIuJ8kNYP+DTC/MhBhqtRF5dbgPPFgLBdQv0BKzNTzXQQXd7SveBFjQg6hXEAJ2jGCAzNYvGFc9LA==",
        "dependencies": {
          "NETStandard.Library": "1.6.1",
          "SharpDX": "4.2.0",
          "SharpDX.DXGI": "4.2.0"
        }
      },
      "SharpDX.DXGI": {
        "type": "Transitive",
        "resolved": "4.2.0",
        "contentHash": "UjKqkgWc8U+SP+j3LBzFP6OB6Ntapjih7Xo+g1rLcsGbIb5KwewBrBChaUu7sil8rWoeVU/k0EJd3SMN4VqNZw==",
        "dependencies": {
          "NETStandard.Library": "1.6.1",
          "SharpDX": "4.2.0"
        }
      },
      "scpcv.contracts": {
        "type": "Project"
      },
      "scpcv.domain": {
        "type": "Project"
      },
      "LibVLCSharp": {
        "type": "CentralTransitive",
        "requested": "[3.9.4, )",
        "resolved": "3.9.4",
        "contentHash": "SmapcnMarT7eoiZeSIq0UhTrK/fdw+NDodfMft/S4Bnqlnz98zYtaAsQ3fO9U+O2KZKrOOf0R3jONUEShpjK4g==",
        "dependencies": {
          "Microsoft.WindowsAppSDK": "1.5.240627000",
          "SharpDX.Direct3D11": "4.2.0"
        }
      }
    },
    "net10.0-windows10.0.19041/win-x64": {
      "Microsoft.Web.WebView2": {
        "type": "Direct",
        "requested": "[1.0.3537.50, )",
        "resolved": "1.0.3537.50",
        "contentHash": "6RQRMIcc/xnhDCdBmyc+YoPxPlYHjmg/mfVpQb4iYWr+K/cs28dTxCyOYFZjUFtiwupXN9nCqxOSMumn2ZKAIg=="
      },
      "Microsoft.WindowsAppSDK": {
        "type": "Transitive",
        "resolved": "1.5.240627000",
        "contentHash": "qzzWG8rxZyzKzBuUdwr4ApezMINf+NT2b8EiEE5fchczNJJmDwlHImMWxX1pHK1W8Yby99alqLyC8DB0fIrhuA==",
        "dependencies": {
          "Microsoft.Windows.SDK.BuildTools": "10.0.22621.756"
        }
      }
    }
  }
}