
Microsoft Visual Studio Solution File, Format Version 12.00
# Visual Studio Version 17
VisualStudioVersion = 17.0.31903.59
MinimumVisualStudioVersion = 10.0.40219.1
Project("{2150E333-8FDC-42A3-9474-1A3956D46DE8}") = "src", "src", "{827E0CD3-B72D-47B6-A68D-7590B98EB39B}"
EndProject
Project("{FAE04EC0-301F-11D3-BF4B-00C04F79EFBC}") = "ScpCv.AudioWorker", "src\ScpCv.AudioWorker\ScpCv.AudioWorker.csproj", "{9C8758FE-B9D7-4E63-B54B-FF60FBCEEB4E}"
EndProject
Project("{FAE04EC0-301F-11D3-BF4B-00C04F79EFBC}") = "ScpCv.Contracts", "src\ScpCv.Contracts\ScpCv.Contracts.csproj", "{B81F92BE-2BA0-4B77-8829-B690E4F25A78}"
EndProject
Project("{FAE04EC0-301F-11D3-BF4B-00C04F79EFBC}") = "ScpCv.ControlHost", "src\ScpCv.ControlHost\ScpCv.ControlHost.csproj", "{48E87D84-02DA-4A1C-852A-1ED4A6287732}"
EndProject
Project("{FAE04EC0-301F-11D3-BF4B-00C04F79EFBC}") = "ScpCv.Domain", "src\ScpCv.Domain\ScpCv.Domain.csproj", "{1E50B8D0-C8F0-494E-8571-C01EE6E21347}"
EndProject
Project("{FAE04EC0-301F-11D3-BF4B-00C04F79EFBC}") = "ScpCv.Infrastructure", "src\ScpCv.Infrastructure\ScpCv.Infrastructure.csproj", "{49B5891F-EDBC-4071-B3AD-B50BE3A3D021}"
EndProject
Project("{FAE04EC0-301F-11D3-BF4B-00C04F79EFBC}") = "ScpCv.PlayerWorker", "src\ScpCv.PlayerWorker\ScpCv.PlayerWorker.csproj", "{19C3F3B1-4E1B-4247-A58B-BC7CC532D4D2}"
EndProject
Project("{FAE04EC0-301F-11D3-BF4B-00C04F79EFBC}") = "ScpCv.PowerPointHost", "src\ScpCv.PowerPointHost\ScpCv.PowerPointHost.csproj", "{9BAC24F4-5259-454B-97D6-52CBB96F6ADE}"
EndProject
Project("{FAE04EC0-301F-11D3-BF4B-00C04F79EFBC}") = "ScpCv.Supervisor", "src\ScpCv.Supervisor\ScpCv.Supervisor.csproj", "{80D58DEE-EDC7-4AB6-9B04-C4207D757B0A}"
EndProject
Project("{2150E333-8FDC-42A3-9474-1A3956D46DE8}") = "tests", "tests", "{0AB3BF05-4346-4AA6-1389-037BE0695223}"
EndProject
Project("{FAE04EC0-301F-11D3-BF4B-00C04F79EFBC}") = "ScpCv.Contracts.Tests", "tests\ScpCv.Contracts.Tests\ScpCv.Contracts.Tests.csproj", "{1ADF35BF-4F67-4774-B23E-1E93A863F03D}"
EndProject
Project("{FAE04EC0-301F-11D3-BF4B-00C04F79EFBC}") = "ScpCv.ControlHost.Tests", "tests\ScpCv.ControlHost.Tests\ScpCv.ControlHost.Tests.csproj", "{65355DC9-2BDB-4059-842B-AC55B29E4B4A}"
EndProject
Project("{FAE04EC0-301F-11D3-BF4B-00C04F79EFBC}") = "ScpCv.Domain.Tests", "tests\ScpCv.Domain.Tests\ScpCv.Domain.Tests.csproj", "{C55008E3-A919-4AC4-85CD-0E5ECF761EDB}"
EndProject
Project("{FAE04EC0-301F-11D3-BF4B-00C04F79EFBC}") = "ScpCv.Infrastructure.Tests", "tests\ScpCv.Infrastructure.Tests\ScpCv.Infrastructure.Tests.csproj", "{0174DD4B-4A4F-47F2-A0CB-CF9B4F4632FF}"
EndProject
Project("{FAE04EC0-301F-11D3-BF4B-00C04F79EFBC}") = "ScpCv.Integration.Tests", "tests\ScpCv.Integration.Tests\ScpCv.Integration.Tests.csproj", "{FCD806CE-D388-446F-8089-011D61053A64}"
EndProject
Project("{FAE04EC0-301F-11D3-BF4B-00C04F79EFBC}") = "ScpCv.Windows.Tests", "tests\ScpCv.Windows.Tests\ScpCv.Windows.Tests.csproj", "{32E25303-5795-4AE5-BA03-C584BF4E81DB}"
EndProject
Project("{2150E333-8FDC-42A3-9474-1A3956D46DE8}") = "tools", "tools", "{07C2787E-EAC7-C090-1BA3-A61EC2A24D84}"
EndProject
Project("{FAE04EC0-301F-11D3-BF4B-00C04F79EFBC}") = "ScpCv.InteropProbe", "tools\ScpCv.InteropProbe\ScpCv.InteropProbe.csproj", "{3BEC0FB1-A85F-413F-8DD3-7493493A14BF}"
EndProject
Global
	GlobalSection(SolutionConfigurationPlatforms) = preSolution
		Debug|Any CPU = Debug|Any CPU
		Debug|x64 = Debug|x64
		Debug|x86 = Debug|x86
		Release|Any CPU = Release|Any CPU
		Release|x64 = Release|x64
		Release|x86 = Release|x86
	EndGlobalSection
	GlobalSection(ProjectConfigurationPlatforms) = postSolution
		{9C8758FE-B9D7-4E63-B54B-FF60FBCEEB4E}.Debug|Any CPU.ActiveCfg = Debug|Any CPU
		{9C8758FE-B9D7-4E63-B54B-FF60FBCEEB4E}.Debug|Any CPU.Build.0 = Debug|Any CPU
		{9C8758FE-B9D7-4E63-B54B-FF60FBCEEB4E}.Debug|x64.ActiveCfg = Debug|Any CPU
		{9C8758FE-B9D7-4E63-B54B-FF60FBCEEB4E}.Debug|x64.Build.0 = Debug|Any CPU
		{9C8758FE-B9D7-4E63-B54B-FF60FBCEEB4E}.Debug|x86.ActiveCfg = Debug|Any CPU
		{9C8758FE-B9D7-4E63-B54B-FF60FBCEEB4E}.Debug|x86.Build.0 = Debug|Any CPU
		{9C8758FE-B9D7-4E63-B54B-FF60FBCEEB4E}.Release|Any CPU.ActiveCfg = Release|Any CPU
		{9C8758FE-B9D7-4E63-B54B-FF60FBCEEB4E}.Release|Any CPU.Build.0 = Release|Any CPU
		{9C8758FE-B9D7-4E63-B54B-FF60FBCEEB4E}.Release|x64.ActiveCfg = Release|Any CPU
		{9C8758FE-B9D7-4E63-B54B-FF60FBCEEB4E}.Release|x64.Build.0 = Release|Any CPU
		{9C8758FE-B9D7-4E63-B54B-FF60FBCEEB4E}.Release|x86.ActiveCfg = Release|Any CPU
		{9C8758FE-B9D7-4E63-B54B-FF60FBCEEB4E}.Release|x86.Build.0 = Release|Any CPU
		{B81F92BE-2BA0-4B77-8829-B690E4F25A78}.Debug|Any CPU.ActiveCfg = Debug|Any CPU
		{B81F92BE-2BA0-4B77-8829-B690E4F25A78}.Debug|Any CPU.Build.0 = Debug|Any CPU
		{B81F92BE-2BA0-4B77-8829-B690E4F25A78}.Debug|x64.ActiveCfg = Debug|Any CPU
		{B81F92BE-2BA0-4B77-8829-B690E4F25A78}.Debug|x64.Build.0 = Debug|Any CPU
		{B81F92BE-2BA0-4B77-8829-B690E4F25A78}.Debug|x86.ActiveCfg = Debug|Any CPU
		{B81F92BE-2BA0-4B77-8829-B690E4F25A78}.Debug|x86.Build.0 = Debug|Any CPU
		{B81F92BE-2BA0-4B77-8829-B690E4F25A78}.Release|Any CPU.ActiveCfg = Release|Any CPU
		{B81F92BE-2BA0-4B77-8829-B690E4F25A78}.Release|Any CPU.Build.0 = Release|Any CPU
		{B81F92BE-2BA0-4B77-8829-B690E4F25A78}.Release|x64.ActiveCfg = Release|Any CPU
		{B81F92BE-2BA0-4B77-8829-B690E4F25A78}.Release|x64.Build.0 = Release|Any CPU
		{B81F92BE-2BA0-4B77-8829-B690E4F25A78}.Release|x86.ActiveCfg = Release|Any CPU
		{B81F92BE-2BA0-4B77-8829-B690E4F25A78}.Release|x86.Build.0 = Release|Any CPU
		{48E87D84-02DA-4A1C-852A-1ED4A6287732}.Debug|Any CPU.ActiveCfg = Debug|Any CPU
		{48E87D84-02DA-4A1C-852A-1ED4A6287732}.Debug|Any CPU.Build.0 = Debug|Any CPU
		{48E87D84-02DA-4A1C-852A-1ED4A6287732}.Debug|x64.ActiveCfg = Debug|Any CPU
		{48E87D84-02DA-4A1C-852A-1ED4A6287732}.Debug|x64.Build.0 = Debug|Any CPU
		{48E87D84-02DA-4A1C-852A-1ED4A6287732}.Debug|x86.ActiveCfg = Debug|Any CPU
		{48E87D84-02DA-4A1C-852A-1ED4A6287732}.Debug|x86.Build.0 = Debug|Any CPU
		{48E87D84-02DA-4A1C-852A-1ED4A6287732}.Release|Any CPU.ActiveCfg = Release|Any CPU
		{48E87D84-02DA-4A1C-852A-1ED4A6287732}.Release|Any CPU.Build.0 = Release|Any CPU
		{48E87D84-02DA-4A1C-852A-1ED4A6287732}.Release|x64.ActiveCfg = Release|Any CPU
		{48E87D84-02DA-4A1C-852A-1ED4A6287732}.Release|x64.Build.0 = Release|Any CPU
		{48E87D84-02DA-4A1C-852A-1ED4A6287732}.Release|x86.ActiveCfg = Release|Any CPU
		{48E87D84-02DA-4A1C-852A-1ED4A6287732}.Release|x86.Build.0 = Release|Any CPU
		{1E50B8D0-C8F0-494E-8571-C01EE6E21347}.Debug|Any CPU.ActiveCfg = Debug|Any CPU
		{1E50B8D0-C8F0-494E-8571-C01EE6E21347}.Debug|Any CPU.Build.0 = Debug|Any CPU
		{1E50B8D0-C8F0-494E-8571-C01EE6E21347}.Debug|x64.ActiveCfg = Debug|Any CPU
		{1E50B8D0-C8F0-494E-8571-C01EE6E21347}.Debug|x64.Build.0 = Debug|Any CPU
		{1E50B8D0-C8F0-494E-8571-C01EE6E21347}.Debug|x86.ActiveCfg = Debug|Any CPU
		{1E50B8D0-C8F0-494E-8571-C01EE6E21347}.Debug|x86.Build.0 = Debug|Any CPU
		{1E50B8D0-C8F0-494E-8571-C01EE6E21347}.Release|Any CPU.ActiveCfg = Release|Any CPU
		{1E50B8D0-C8F0-494E-8571-C01EE6E21347}.Release|Any CPU.Build.0 = Release|Any CPU
		{1E50B8D0-C8F0-494E-8571-C01EE6E21347}.Release|x64.ActiveCfg = Release|Any CPU
		{1E50B8D0-C8F0-494E-8571-C01EE6E21347}.Release|x64.Build.0 = Release|Any CPU
		{1E50B8D0-C8F0-494E-8571-C01EE6E21347}.Release|x86.ActiveCfg = Release|Any CPU
		{1E50B8D0-C8F0-494E-8571-C01EE6E21347}.Release|x86.Build.0 = Release|Any CPU
		{49B5891F-EDBC-4071-B3AD-B50BE3A3D021}.Debug|Any CPU.ActiveCfg = Debug|Any CPU
		{49B5891F-EDBC-4071-B3AD-B50BE3A3D021}.Debug|Any CPU.Build.0 = Debug|Any CPU
		{49B5891F-EDBC-4071-B3AD-B50BE3A3D021}.Debug|x64.ActiveCfg = Debug|Any CPU
		{49B5891F-EDBC-4071-B3AD-B50BE3A3D021}.Debug|x64.Build.0 = Debug|Any CPU
		{49B5891F-EDBC-4071-B3AD-B50BE3A3D021}.Debug|x86.ActiveCfg = Debug|Any CPU
		{49B5891F-EDBC-4071-B3AD-B50BE3A3D021}.Debug|x86.Build.0 = Debug|Any CPU
		{49B5891F-EDBC-4071-B3AD-B50BE3A3D021}.Release|Any CPU.ActiveCfg = Release|Any CPU
		{49B5891F-EDBC-4071-B3AD-B50BE3A3D021}.Release|Any CPU.Build.0 = Release|Any CPU
		{49B5891F-EDBC-4071-B3AD-B50BE3A3D021}.Release|x64.ActiveCfg = Release|Any CPU
		{49B5891F-EDBC-4071-B3AD-B50BE3A3D021}.Release|x64.Build.0 = Release|Any CPU
		{49B5891F-EDBC-4071-B3AD-B50BE3A3D021}.Release|x86.ActiveCfg = Release|Any CPU
		{49B5891F-EDBC-4071-B3AD-B50BE3A3D021}.Release|x86.Build.0 = Release|Any CPU
		{19C3F3B1-4E1B-4247-A58B-BC7CC532D4D2}.Debug|Any CPU.ActiveCfg = Debug|Any CPU
		{19C3F3B1-4E1B-4247-A58B-BC7CC532D4D2}.Debug|Any CPU.Build.0 = Debug|Any CPU
		{19C3F3B1-4E1B-4247-A58B-BC7CC532D4D2}.Debug|x64.ActiveCfg = Debug|Any CPU
		{19C3F3B1-4E1B-4247-A58B-BC7CC532D4D2}.Debug|x64.Build.0 = Debug|Any CPU
		{19C3F3B1-4E1B-4247-A58B-BC7CC532D4D2}.Debug|x86.ActiveCfg = Debug|Any CPU
		{19C3F3B1-4E1B-4247-A58B-BC7CC532D4D2}.Debug|x86.Build.0 = Debug|Any CPU
		{19C3F3B1-4E1B-4247-A58B-BC7CC532D4D2}.Release|Any CPU.ActiveCfg = Release|Any CPU
		{19C3F3B1-4E1B-4247-A58B-BC7CC532D4D2}.Release|Any CPU.Build.0 = Release|Any CPU
		{19C3F3B1-4E1B-4247-A58B-BC7CC532D4D2}.Release|x64.ActiveCfg = Release|Any CPU
		{19C3F3B1-4E1B-4247-A58B-BC7CC532D4D2}.Release|x64.Build.0 = Release|Any CPU
		{19C3F3B1-4E1B-4247-A58B-BC7CC532D4D2}.Release|x86.ActiveCfg = Release|Any CPU
		{19C3F3B1-4E1B-4247-A58B-BC7CC532D4D2}.Release|x86.Build.0 = Release|Any CPU
		{9BAC24F4-5259-454B-97D6-52CBB96F6ADE}.Debug|Any CPU.ActiveCfg = Debug|Any CPU
		{9BAC24F4-5259-454B-97D6-52CBB96F6ADE}.Debug|Any CPU.Build.0 = Debug|Any CPU
		{9BAC24F4-5259-454B-97D6-52CBB96F6ADE}.Debug|x64.ActiveCfg = Debug|Any CPU
		{9BAC24F4-5259-454B-97D6-52CBB96F6ADE}.Debug|x64.Build.0 = Debug|Any CPU
		{9BAC24F4-5259-454B-97D6-52CBB96F6ADE}.Debug|x86.ActiveCfg = Debug|Any CPU
		{9BAC24F4-5259-454B-97D6-52CBB96F6ADE}.Debug|x86.Build.0 = Debug|Any CPU
		{9BAC24F4-5259-454B-97D6-52CBB96F6ADE}.Release|Any CPU.ActiveCfg = Release|Any CPU
		{9BAC24F4-5259-454B-97D6-52CBB96F6ADE}.Release|Any CPU.Build.0 = Release|Any CPU
		{9BAC24F4-5259-454B-97D6-52CBB96F6ADE}.Release|x64.ActiveCfg = Release|Any CPU
		{9BAC24F4-5259-454B-97D6-52CBB96F6ADE}.Release|x64.Build.0 = Release|Any CPU
		{9BAC24F4-5259-454B-97D6-52CBB96F6ADE}.Release|x86.ActiveCfg = Release|Any CPU
		{9BAC24F4-5259-454B-97D6-52CBB96F6ADE}.Release|x86.Build.0 = Release|Any CPU
		{80D58DEE-EDC7-4AB6-9B04-C4207D757B0A}.Debug|Any CPU.ActiveCfg = Debug|Any CPU
		{80D58DEE-EDC7-4AB6-9B04-C4207D757B0A}.Debug|Any CPU.Build.0 = Debug|Any CPU
		{80D58DEE-EDC7-4AB6-9B04-C4207D757B0A}.Debug|x64.ActiveCfg = Debug|Any CPU
		{80D58DEE-EDC7-4AB6-9B04-C4207D757B0A}.Debug|x64.Build.0 = Debug|Any CPU
		{80D58DEE-EDC7-4AB6-9B04-C4207D757B0A}.Debug|x86.ActiveCfg = Debug|Any CPU
		{80D58DEE-EDC7-4AB6-9B04-C4207D757B0A}.Debug|x86.Build.0 = Debug|Any CPU
		{80D58DEE-EDC7-4AB6-9B04-C4207D757B0A}.Release|Any CPU.ActiveCfg = Release|Any CPU
		{80D58DEE-EDC7-4AB6-9B04-C4207D757B0A}.Release|Any CPU.Build.0 = Release|Any CPU
		{80D58DEE-EDC7-4AB6-9B04-C4207D757B0A}.Release|x64.ActiveCfg = Release|Any CPU
		{80D58DEE-EDC7-4AB6-9B04-C4207D757B0A}.Release|x64.Build.0 = Release|Any CPU
		{80D58DEE-EDC7-4AB6-9B04-C4207D757B0A}.Release|x86.ActiveCfg = Release|Any CPU
		{80D58DEE-EDC7-4AB6-9B04-C4207D757B0A}.Release|x86.Build.0 = Release|Any CPU
		{1ADF35BF-4F67-4774-B23E-1E93A863F03D}.Debug|Any CPU.ActiveCfg = Debug|Any CPU
		{1ADF35BF-4F67-4774-B23E-1E93A863F03D}.Debug|Any CPU.Build.0 = Debug|Any CPU
		{1ADF35BF-4F67-4774-B23E-1E93A863F03D}.Debug|x64.ActiveCfg = Debug|Any CPU
		{1ADF35BF-4F67-4774-B23E-1E93A863F03D}.Debug|x64.Build.0 = Debug|Any CPU
		{1ADF35BF-4F67-4774-B23E-1E93A863F03D}.Debug|x86.ActiveCfg = Debug|Any CPU
		{1ADF35BF-4F67-4774-B23E-1E93A863F03D}.Debug|x86.Build.0 = Debug|Any CPU
		{1ADF35BF-4F67-4774-B23E-1E93A863F03D}.Release|Any CPU.ActiveCfg = Release|Any CPU
		{1ADF35BF-4F67-4774-B23E-1E93A863F03D}.Release|Any CPU.Build.0 = Release|Any CPU
		{1ADF35BF-4F67-4774-B23E-1E93A863F03D}.Release|x64.ActiveCfg = Release|Any CPU
		{1ADF35BF-4F67-4774-B23E-1E93A863F03D}.Release|x64.Build.0 = Release|Any CPU
		{1ADF35BF-4F67-4774-B23E-1E93A863F03D}.Release|x86.ActiveCfg = Release|Any CPU
		{1ADF35BF-4F67-4774-B23E-1E93A863F03D}.Release|x86.Build.0 = Release|Any CPU
		{65355DC9-2BDB-4059-842B-AC55B29E4B4A}.Debug|Any CPU.ActiveCfg = Debug|Any CPU
		{65355DC9-2BDB-4059-842B-AC55B29E4B4A}.Debug|Any CPU.Build.0 = Debug|Any CPU
		{65355DC9-2BDB-4059-842B-AC55B29E4B4A}.Debug|x64.ActiveCfg = Debug|Any CPU
		{65355DC9-2BDB-4059-842B-AC55B29E4B4A}.Debug|x64.Build.0 = Debug|Any CPU
		{65355DC9-2BDB-4059-842B-AC55B29E4B4A}.Debug|x86.ActiveCfg = Debug|Any CPU
		{65355DC9-2BDB-4059-842B-AC55B29E4B4A}.Debug|x86.Build.0 = Debug|Any CPU
		{65355DC9-2BDB-4059-842B-AC55B29E4B4A}.Release|Any CPU.ActiveCfg = Release|Any CPU
		{65355DC9-2BDB-4059-842B-AC55B29E4B4A}.Release|Any CPU.Build.0 = Release|Any CPU
		{65355DC9-2BDB-4059-842B-AC55B29E4B4A}.Release|x64.ActiveCfg = Release|Any CPU
		{65355DC9-2BDB-4059-842B-AC55B29E4B4A}.Release|x64.Build.0 = Release|Any CPU
		{65355DC9-2BDB-4059-842B-AC55B29E4B4A}.Release|x86.ActiveCfg = Release|Any CPU
		{65355DC9-2BDB-4059-842B-AC55B29E4B4A}.Release|x86.Build.0 = Release|Any CPU
		{C55008E3-A919-4AC4-85CD-0E5ECF761EDB}.Debug|Any CPU.ActiveCfg = Debug|Any CPU
		{C55008E3-A919-4AC4-85CD-0E5ECF761EDB}.Debug|Any CPU.Build.0 = Debug|Any CPU
		{C55008E3-A919-4AC4-85CD-0E5ECF761EDB}.Debug|x64.ActiveCfg = Debug|Any CPU
		{C55008E3-A919-4AC4-85CD-0E5ECF761EDB}.Debug|x64.Build.0 = Debug|Any CPU
		{C55008E3-A919-4AC4-85CD-0E5ECF761EDB}.Debug|x86.ActiveCfg = Debug|Any CPU
		{C55008E3-A919-4AC4-85CD-0E5ECF761EDB}.Debug|x86.Build.0 = Debug|Any CPU
		{C55008E3-A919-4AC4-85CD-0E5ECF761EDB}.Release|Any CPU.ActiveCfg = Release|Any CPU
		{C55008E3-A919-4AC4-85CD-0E5ECF761EDB}.Release|Any CPU.Build.0 = Release|Any CPU
		{C55008E3-A919-4AC4-85CD-0E5ECF761EDB}.Release|x64.ActiveCfg = Release|Any CPU
		{C55008E3-A919-4AC4-85CD-0E5ECF761EDB}.Release|x64.Build.0 = Release|Any CPU
		{C55008E3-A919-4AC4-85CD-0E5ECF761EDB}.Release|x86.ActiveCfg = Release|Any CPU
		{C55008E3-A919-4AC4-85CD-0E5ECF761EDB}.Release|x86.Build.0 = Release|Any CPU
		{0174DD4B-4A4F-47F2-A0CB-CF9B4F4632FF}.Debug|Any CPU.ActiveCfg = Debug|Any CPU
		{0174DD4B-4A4F-47F2-A0CB-CF9B4F4632FF}.Debug|Any CPU.Build.0 = Debug|Any CPU
		{0174DD4B-4A4F-47F2-A0CB-CF9B4F4632FF}.Debug|x64.ActiveCfg = Debug|Any CPU
		{0174DD4B-4A4F-47F2-A0CB-CF9B4F4632FF}.Debug|x64.Build.0 = Debug|Any CPU
		{0174DD4B-4A4F-47F2-A0CB-CF9B4F4632FF}.Debug|x86.ActiveCfg = Debug|Any CPU
		{0174DD4B-4A4F-47F2-A0CB-CF9B4F4632FF}.Debug|x86.Build.0 = Debug|Any CPU
		{0174DD4B-4A4F-47F2-A0CB-CF9B4F4632FF}.Release|Any CPU.ActiveCfg = Release|Any CPU
		{0174DD4B-4A4F-47F2-A0CB-CF9B4F4632FF}.Release|Any CPU.Build.0 = Release|Any CPU
		{0174DD4B-4A4F-47F2-A0CB-CF9B4F4632FF}.Release|x64.ActiveCfg = Release|Any CPU
		{0174DD4B-4A4F-47F2-A0CB-CF9B4F4632FF}.Release|x64.Build.0 = Release|Any CPU
		{0174DD4B-4A4F-47F2-A0CB-CF9B4F4632FF}.Release|x86.ActiveCfg = Release|Any CPU
		{0174DD4B-4A4F-47F2-A0CB-CF9B4F4632FF}.Release|x86.Build.0 = Release|Any CPU
		{FCD806CE-D388-446F-8089-011D61053A64}.Debug|Any CPU.ActiveCfg = Debug|Any CPU
		{FCD806CE-D388-446F-8089-011D61053A64}.Debug|Any CPU.Build.0 = Debug|Any CPU
		{FCD806CE-D388-446F-8089-011D61053A64}.Debug|x64.ActiveCfg = Debug|Any CPU
		{FCD806CE-D388-446F-8089-011D61053A64}.Debug|x64.Build.0 = Debug|Any CPU
		{FCD806CE-D388-446F-8089-011D61053A64}.Debug|x86.ActiveCfg = Debug|Any CPU
		{FCD806CE-D388-446F-8089-011D61053A64}.Debug|x86.Build.0 = Debug|Any CPU
		{FCD806CE-D388-446F-8089-011D61053A64}.Release|Any CPU.ActiveCfg = Release|Any CPU
		{FCD806CE-D388-446F-8089-011D61053A64}.Release|Any CPU.Build.0 = Release|Any CPU
		{FCD806CE-D388-446F-8089-011D61053A64}.Release|x64.ActiveCfg = Release|Any CPU
		{FCD806CE-D388-446F-8089-011D61053A64}.Release|x64.Build.0 = Release|Any CPU
		{FCD806CE-D388-446F-8089-011D61053A64}.Release|x86.ActiveCfg = Release|Any CPU
		{FCD806CE-D388-446F-8089-011D61053A64}.Release|x86.Build.0 = Release|Any CPU
		{32E25303-5795-4AE5-BA03-C584BF4E81DB}.Debug|Any CPU.ActiveCfg = Debug|Any CPU
		{32E25303-5795-4AE5-BA03-C584BF4E81DB}.Debug|Any CPU.Build.0 = Debug|Any CPU
		{32E25303-5795-4AE5-BA03-C584BF4E81DB}.Debug|x64.ActiveCfg = Debug|Any CPU
		{32E25303-5795-4AE5-BA03-C584BF4E81DB}.Debug|x64.Build.0 = Debug|Any CPU
		{32E25303-5795-4AE5-BA03-C584BF4E81DB}.Debug|x86.ActiveCfg = Debug|Any CPU
		{32E25303-5795-4AE5-BA03-C584BF4E81DB}.Debug|x86.Build.0 = Debug|Any CPU
		{32E25303-5795-4AE5-BA03-C584BF4E81DB}.Release|Any CPU.ActiveCfg = Release|Any CPU
		{32E25303-5795-4AE5-BA03-C584BF4E81DB}.Release|Any CPU.Build.0 = Release|Any CPU
		{32E25303-5795-4AE5-BA03-C584BF4E81DB}.Release|x64.ActiveCfg = Release|Any CPU
		{32E25303-5795-4AE5-BA03-C584BF4E81DB}.Release|x64.Build.0 = Release|Any CPU
		{32E25303-5795-4AE5-BA03-C584BF4E81DB}.Release|x86.ActiveCfg = Release|Any CPU
		{32E25303-5795-4AE5-BA03-C584BF4E81DB}.Release|x86.Build.0 = Release|Any CPU
		{3BEC0FB1-A85F-413F-8DD3-7493493A14BF}.Debug|Any CPU.ActiveCfg = Debug|Any CPU
		{3BEC0FB1-A85F-413F-8DD3-7493493A14BF}.Debug|Any CPU.Build.0 = Debug|Any CPU
		{3BEC0FB1-A85F-413F-8DD3-7493493A14BF}.Debug|x64.ActiveCfg = Debug|Any CPU
		{3BEC0FB1-A85F-413F-8DD3-7493493A14BF}.Debug|x64.Build.0 = Debug|Any CPU
		{3BEC0FB1-A85F-413F-8DD3-7493493A14BF}.Debug|x86.ActiveCfg = Debug|Any CPU
		{3BEC0FB1-A85F-413F-8DD3-7493493A14BF}.Debug|x86.Build.0 = Debug|Any CPU
		{3BEC0FB1-A85F-413F-8DD3-7493493A14BF}.Release|Any CPU.ActiveCfg = Release|Any CPU
		{3BEC0FB1-A85F-413F-8DD3-7493493A14BF}.Release|Any CPU.Build.0 = Release|Any CPU
		{3BEC0FB1-A85F-413F-8DD3-7493493A14BF}.Release|x64.ActiveCfg = Release|Any CPU
		{3BEC0FB1-A85F-413F-8DD3-7493493A14BF}.Release|x64.Build.0 = Release|Any CPU
		{3BEC0FB1-A85F-413F-8DD3-7493493A14BF}.Release|x86.ActiveCfg = Release|Any CPU
		{3BEC0FB1-A85F-413F-8DD3-7493493A14BF}.Release|x86.Build.0 = Release|Any CPU
	EndGlobalSection
	GlobalSection(SolutionProperties) = preSolution
		HideSolutionNode = FALSE
	EndGlobalSection
	GlobalSection(NestedProjects) = preSolution
		{9C8758FE-B9D7-4E63-B54B-FF60FBCEEB4E} = {827E0CD3-B72D-47B6-A68D-7590B98EB39B}
		{B81F92BE-2BA0-4B77-8829-B690E4F25A78} = {827E0CD3-B72D-47B6-A68D-7590B98EB39B}
		{48E87D84-02DA-4A1C-852A-1ED4A6287732} = {827E0CD3-B72D-47B6-A68D-7590B98EB39B}
		{1E50B8D0-C8F0-494E-8571-C01EE6E21347} = {827E0CD3-B72D-47B6-A68D-7590B98EB39B}
		{49B5891F-EDBC-4071-B3AD-B50BE3A3D021} = {827E0CD3-B72D-47B6-A68D-7590B98EB39B}
		{19C3F3B1-4E1B-4247-A58B-BC7CC532D4D2} = {827E0CD3-B72D-47B6-A68D-7590B98EB39B}
		{9BAC24F4-5259-454B-97D6-52CBB96F6ADE} = {827E0CD3-B72D-47B6-A68D-7590B98EB39B}
		{80D58DEE-EDC7-4AB6-9B04-C4207D757B0A} = {827E0CD3-B72D-47B6-A68D-7590B98EB39B}
		{1ADF35BF-4F67-4774-B23E-1E93A863F03D} = {0AB3BF05-4346-4AA6-1389-037BE0695223}
		{65355DC9-2BDB-4059-842B-AC55B29E4B4A} = {0AB3BF05-4346-4AA6-1389-037BE0695223}
		{C55008E3-A919-4AC4-85CD-0E5ECF761EDB} = {0AB3BF05-4346-4AA6-1389-037BE0695223}
		{0174DD4B-4A4F-47F2-A0CB-CF9B4F4632FF} = {0AB3BF05-4346-4AA6-1389-037BE0695223}
		{FCD806CE-D388-446F-8089-011D61053A64} = {0AB3BF05-4346-4AA6-1389-037BE0695223}
		{32E25303-5795-4AE5-BA03-C584BF4E81DB} = {0AB3BF05-4346-4AA6-1389-037BE0695223}
		{3BEC0FB1-A85F-413F-8DD3-7493493A14BF} = {07C2787E-EAC7-C090-1BA3-A61EC2A24D84}
	EndGlobalSection
EndGlobal
